PODS:
  - Alamofire (4.8.2)
  - ImageViewer (5.0.0)
  - IQKeyboardManagerSwift (6.2.1)
  - MJExtension (3.0.16)
  - MJRefresh (3.1.16)
  - ScrollPageView (0.1.4)
  - SDWebImage (5.0.1):
    - SDWebImage/Core (= 5.0.1)
  - SDWebImage/Core (5.0.1)
  - SnapKit (4.2.0)

DEPENDENCIES:
  - Alamofire
  - ImageViewer
  - IQKeyboardManagerSwift
  - MJExtension
  - MJRefresh
  - ScrollPageView
  - SDWebImage
  - SnapKit

SPEC REPOS:
  https://github.com/cocoapods/specs.git:
    - Alamofire
    - ImageViewer
    - IQKeyboardManagerSwift
    - MJExtension
    - MJRefresh
    - ScrollPageView
    - SDWebImage
    - SnapKit

SPEC CHECKSUMS:
  Alamofire: ae5c501addb7afdbb13687d7f2f722c78734c2d3
  ImageViewer: 3def6e39c6979ce3e9d001c78eec0d8b895f2f73
  IQKeyboardManagerSwift: 0f0ae8935360b4003e6ea1ac7c19898f01e2f7c7
  MJExtension: 54dbbf6ee728f1a88e9aad904353d007831c7847
  MJRefresh: 7798e16e53a5ef7f332dd05b27664db4e29530fd
  ScrollPageView: 81794056d616a25c4cb887098ae106a47521cf31
  SDWebImage: 27dd2c9ea07a2252f94557c9fbb6105ee94b74c9
  SnapKit: fe8a619752f3f27075cc9a90244d75c6c3f27e2a

PODFILE CHECKSUM: 333a429588cdf927ef54361dc638b3c491c591c4

COCOAPODS: 1.5.3
